Microsoft Visual Studio Solution File, Format Version 9.00
# Visual Studio 2005
Project("{FAE04EC0-301F-11D3-BF4B-00C04F79EFBC}") = "ClassDiagram", "ClassDiagram.csproj", "{D28C5D6B-574B-4E71-B4C6-FB1DB1E0E613}"
EndProject
Global
	GlobalSection(SolutionConfigurationPlatforms) = preSolution
		Debug|Any CPU = Debug|Any CPU
		Release|Any CPU = Release|Any CPU
	EndGlobalSection
	GlobalSection(ProjectDependencies) = postSolution
	EndGlobalSection
	GlobalSection(ProjectConfiguration) = postSolution
		{D28C5D6B-574B-4E71-B4C6-FB1DB1E0E613}.Debug|Any CPU.ActiveCfg = Debug|Any CPU
		{D28C5D6B-574B-4E71-B4C6-FB1DB1E0E613}.Debug|Any CPU.Build.0 = Debug|Any CPU
		{D28C5D6B-574B-4E71-B4C6-FB1DB1E0E613}.Release|Any CPU.ActiveCfg = Release|Any CPU
		{D28C5D6B-574B-4E71-B4C6-FB1DB1E0E613}.Release|Any CPU.Build.0 = Release|Any CPU
	EndGlobalSection
	GlobalSection(SolutionProperties) = preSolution
		HideSolutionNode = FALSE
	EndGlobalSection
EndGlobal